<?xml version="1.0" encoding="utf-8"?>
<Project ToolsVersion="4.0" xmlns="http://schemas.microsoft.com/developer/msbuild/2003">
  <ItemGroup>
    <ClCompile Include="Source\Building.cpp" />
    <ClCompile Include="Source\Camera.cpp" />
    <ClCompile Include="Source\Entity.cpp" />
    <ClCompile Include="Source\Main.cpp" />
    <ClCompile Include="Source\Map.cpp" />
    <ClCompile Include="Source\Observer.cpp" />
    <ClCompile Include="Source\Position.cpp" />
    <ClCompile Include="Source\PotentialHeatmap.cpp" />
    <ClCompile Include="Source\Tile.cpp" />
    <ClCompile Include="Source\Unit.cpp" />
    <ClCompile Include="Source\GraviticBoosters.cpp" />
  </ItemGroup>
  <ItemGroup>
    <ClInclude Include="Source\Building.h" />
    <ClInclude Include="Source\Camera.h" />
    <ClInclude Include="Source\Entity.h" />
    <ClInclude Include="Source\GraviticBooster.h" />
    <ClInclude Include="Source\Map.h" />
    <ClInclude Include="Source\Observer.h" />
    <ClInclude Include="Source\Position.h" />
    <ClInclude Include="Source\PotentialHeatmap.h" />
    <ClInclude Include="Source\Tile.h" />
    <ClInclude Include="Source\Unit.h" />
  </ItemGroup>
  <ItemGroup>
    <Text Include="Source\ExampleAIClient.txt" />
  </ItemGroup>
</Project>